// !$*UTF8*$!
{
	archiveVersion = 1;
	classes = {
	};
	objectVersion = 46;
	objects = {

/* Begin PBXBuildFile section */
		5D2760A11EC59628008F4324 /* SWAPIManager.m in Sources */ = {isa = PBXBuildFile; fileRef = 5D27609F1EC59628008F4324 /* SWAPIManager.m */; };
		5D2760A21EC59628008F4324 /* SWApiProxy.m in Sources */ = {isa = PBXBuildFile; fileRef = 5D2760A01EC59628008F4324 /* SWApiProxy.m */; };
		5D2760A51EC59665008F4324 /* libsqlite3.0.tbd in Frameworks */ = {isa = PBXBuildFile; fileRef = 5D2760A41EC59665008F4324 /* libsqlite3.0.tbd */; };
		5D2760A81EC597E1008F4324 /* SWKeyValueStore.m in Sources */ = {isa = PBXBuildFile; fileRef = 5D2760A71EC597E1008F4324 /* SWKeyValueStore.m */; };
		5D2760AC1EC59B04008F4324 /* Routable.m in Sources */ = {isa = PBXBuildFile; fileRef = 5D2760AB1EC59B04008F4324 /* Routable.m */; };
		5D2760AF1EC59B35008F4324 /* SWLoginViewController.m in Sources */ = {isa = PBXBuildFile; fileRef = 5D2760AE1EC59B35008F4324 /* SWLoginViewController.m */; };
		5D2760B31EC5B332008F4324 /* NSString+validation.m in Sources */ = {isa = PBXBuildFile; fileRef = 5D2760B21EC5B332008F4324 /* NSString+validation.m */; };
		5D2760B61EC5B404008F4324 /* NSArray+validation.m in Sources */ = {isa = PBXBuildFile; fileRef = 5D2760B51EC5B404008F4324 /* NSArray+validation.m */; };
		5D5A22751EC432D10099EA71 /* main.m in Sources */ = {isa = PBXBuildFile; fileRef = 5D5A22741EC432D10099EA71 /* main.m */; };
		5D5A22781EC432D10099EA71 /* AppDelegate.m in Sources */ = {isa = PBXBuildFile; fileRef = 5D5A22771EC432D10099EA71 /* AppDelegate.m */; };
		5D5A227B1EC432D10099EA71 /* ViewController.m in Sources */ = {isa = PBXBuildFile; fileRef = 5D5A227A1EC432D10099EA71 /* ViewController.m */; };
		5D5A227E1EC432D10099EA71 /* Main.storyboard in Resources */ = {isa = PBXBuildFile; fileRef = 5D5A227C1EC432D10099EA71 /* Main.storyboard */; };
		5D5A22801EC432D10099EA71 /* Assets.xcassets in Resources */ = {isa = PBXBuildFile; fileRef = 5D5A227F1EC432D10099EA71 /* Assets.xcassets */; };
		5D5A22831EC432D10099EA71 /* LaunchScreen.storyboard in Resources */ = {isa = PBXBuildFile; fileRef = 5D5A22811EC432D10099EA71 /* LaunchScreen.storyboard */; };
		FF98808593E500953C80850A /* libPods-Test.a in Frameworks */ = {isa = PBXBuildFile; fileRef = 818F4E3F9DC0C417605CE415 /* libPods-Test.a */; };
/* End PBXBuildFile section */

/* Begin PBXFileReference section */
		3BF887FEE920878015F004C6 /* Pods-Test.debug.xcconfig */ = {isa = PBXFileReference; includeInIndex = 1; lastKnownFileType = text.xcconfig; name = "Pods-Test.debug.xcconfig"; path = "Pods/Target Support Files/Pods-Test/Pods-Test.debug.xcconfig"; sourceTree = "<group>"; };
		5D27609D1EC59628008F4324 /* SWApiProxy.h */ = {isa = PBXFileReference; fileEncoding = 4; lastKnownFileType = sourcecode.c.h; path = SWApiProxy.h; sourceTree = "<group>"; };
		5D27609E1EC59628008F4324 /* SWAPIManager.h */ = {isa = PBXFileReference; fileEncoding = 4; lastKnownFileType = sourcecode.c.h; path = SWAPIManager.h; sourceTree = "<group>"; };
		5D27609F1EC59628008F4324 /* SWAPIManager.m */ = {isa = PBXFileReference; fileEncoding = 4; lastKnownFileType = sourcecode.c.objc; path = SWAPIManager.m; sourceTree = "<group>"; };
		5D2760A01EC59628008F4324 /* SWApiProxy.m */ = {isa = PBXFileReference; fileEncoding = 4; lastKnownFileType = sourcecode.c.objc; path = SWApiProxy.m; sourceTree = "<group>"; };
		5D2760A41EC59665008F4324 /* libsqlite3.0.tbd */ = {isa = PBXFileReference; lastKnownFileType = "sourcecode.text-based-dylib-definition"; name = libsqlite3.0.tbd; path = usr/lib/libsqlite3.0.tbd; sourceTree = SDKROOT; };
		5D2760A61EC597E1008F4324 /* SWKeyValueStore.h */ = {isa = PBXFileReference; fileEncoding = 4; lastKnownFileType = sourcecode.c.h; path = SWKeyValueStore.h; sourceTree = "<group>"; };
		5D2760A71EC597E1008F4324 /* SWKeyValueStore.m */ = {isa = PBXFileReference; fileEncoding = 4; lastKnownFileType = sourcecode.c.objc; path = SWKeyValueStore.m; sourceTree = "<group>"; };
		5D2760AA1EC59B04008F4324 /* Routable.h */ = {isa = PBXFileReference; fileEncoding = 4; lastKnownFileType = sourcecode.c.h; path = Routable.h; sourceTree = "<group>"; };
		5D2760AB1EC59B04008F4324 /* Routable.m */ = {isa = PBXFileReference; fileEncoding = 4; lastKnownFileType = sourcecode.c.objc; path = Routable.m; sourceTree = "<group>"; };
		5D2760AD1EC59B35008F4324 /* SWLoginViewController.h */ = {isa = PBXFileReference; fileEncoding = 4; lastKnownFileType = sourcecode.c.h; path = SWLoginViewController.h; sourceTree = "<group>"; };
		5D2760AE1EC59B35008F4324 /* SWLoginViewController.m */ = {isa = PBXFileReference; fileEncoding = 4; lastKnownFileType = sourcecode.c.objc; path = SWLoginViewController.m; sourceTree = "<group>"; };
		5D2760B11EC5B332008F4324 /* NSString+validation.h */ = {isa = PBXFileReference; fileEncoding = 4; lastKnownFileType = sourcecode.c.h; path = "NSString+validation.h"; sourceTree = "<group>"; };
		5D2760B21EC5B332008F4324 /* NSString+validation.m */ = {isa = PBXFileReference; fileEncoding = 4; lastKnownFileType = sourcecode.c.objc; path = "NSString+validation.m"; sourceTree = "<group>"; };
		5D2760B41EC5B404008F4324 /* NSArray+validation.h */ = {isa = PBXFileReference; fileEncoding = 4; lastKnownFileType = sourcecode.c.h; path = "NSArray+validation.h"; sourceTree = "<group>"; };
		5D2760B51EC5B404008F4324 /* NSArray+validation.m */ = {isa = PBXFileReference; fileEncoding = 4; lastKnownFileType = sourcecode.c.objc; path = "NSArray+validation.m"; sourceTree = "<group>"; };
		5D5A22701EC432D10099EA71 /* Test.app */ = {isa = PBXFileReference; explicitFileType = wrapper.application; includeInIndex = 0; path = Test.app; sourceTree = BUILT_PRODUCTS_DIR; };
		5D5A22741EC432D10099EA71 /* main.m */ = {isa = PBXFileReference; lastKnownFileType = sourcecode.c.objc; path = main.m; sourceTree = "<group>"; };
		5D5A22761EC432D10099EA71 /* AppDelegate.h */ = {isa = PBXFileReference; lastKnownFileType = sourcecode.c.h; path = AppDelegate.h; sourceTree = "<group>"; };
		5D5A22771EC432D10099EA71 /* AppDelegate.m */ = {isa = PBXFileReference; lastKnownFileType = sourcecode.c.objc; path = AppDelegate.m; sourceTree = "<group>"; };
		5D5A22791EC432D10099EA71 /* ViewController.h */ = {isa = PBXFileReference; lastKnownFileType = sourcecode.c.h; path = ViewController.h; sourceTree = "<group>"; };
		5D5A227A1EC432D10099EA71 /* ViewController.m */ = {isa = PBXFileReference; lastKnownFileType = sourcecode.c.objc; path = ViewController.m; sourceTree = "<group>"; };
		5D5A227D1EC432D10099EA71 /* Base */ = {isa = PBXFileReference; lastKnownFileType = file.storyboard; name = Base; path = Base.lproj/Main.storyboard; sourceTree = "<group>"; };
		5D5A227F1EC432D10099EA71 /* Assets.xcassets */ = {isa = PBXFileReference; lastKnownFileType = folder.assetcatalog; path = Assets.xcassets; sourceTree = "<group>"; };
		5D5A22821EC432D10099EA71 /* Base */ = {isa = PBXFileReference; lastKnownFileType = file.storyboard; name = Base; path = Base.lproj/LaunchScreen.storyboard; sourceTree = "<group>"; };
		5D5A22841EC432D10099EA71 /* Info.plist */ = {isa = PBXFileReference; lastKnownFileType = text.plist.xml; path = Info.plist; sourceTree = "<group>"; };
		7738BC25FC910E8A35BCEFA3 /* Pods-Test.release.xcconfig */ = {isa = PBXFileReference; includeInIndex = 1; lastKnownFileType = text.xcconfig; name = "Pods-Test.release.xcconfig"; path = "Pods/Target Support Files/Pods-Test/Pods-Test.release.xcconfig"; sourceTree = "<group>"; };
		818F4E3F9DC0C417605CE415 /* libPods-Test.a */ = {isa = PBXFileReference; explicitFileType = archive.ar; includeInIndex = 0; path = "libPods-Test.a"; sourceTree = BUILT_PRODUCTS_DIR; };
/* End PBXFileReference section */

/* Begin PBXFrameworksBuildPhase section */
		5D5A226D1EC432D10099EA71 /* Frameworks */ = {
			isa = PBXFrameworksBuildPhase;
			buildActionMask = 2147483647;
			files = (
				5D2760A51EC59665008F4324 /* libsqlite3.0.tbd in Frameworks */,
				FF98808593E500953C80850A /* libPods-Test.a in Frameworks */,
			);
			runOnlyForDeploymentPostprocessing = 0;
		};
/* End PBXFrameworksBuildPhase section */

/* Begin PBXGroup section */
		5D27609C1EC5960F008F4324 /* 网络 */ = {
			isa = PBXGroup;
			children = (
				5D27609D1EC59628008F4324 /* SWApiProxy.h */,
				5D2760A01EC59628008F4324 /* SWApiProxy.m */,
				5D27609E1EC59628008F4324 /* SWAPIManager.h */,
				5D27609F1EC59628008F4324 /* SWAPIManager.m */,
			);
			path = "网络";
			sourceTree = "<group>";
		};
		5D2760A31EC5964A008F4324 /* 数据DB */ = {
			isa = PBXGroup;
			children = (
				5D2760A61EC597E1008F4324 /* SWKeyValueStore.h */,
				5D2760A71EC597E1008F4324 /* SWKeyValueStore.m */,
			);
			path = "数据DB";
			sourceTree = "<group>";
		};
		5D2760A91EC59AEC008F4324 /* 页面跳转route */ = {
			isa = PBXGroup;
			children = (
				5D2760AA1EC59B04008F4324 /* Routable.h */,
				5D2760AB1EC59B04008F4324 /* Routable.m */,
			);
			path = "页面跳转route";
			sourceTree = "<group>";
		};
		5D2760B01EC5B19C008F4324 /* validation */ = {
			isa = PBXGroup;
			children = (
				5D2760B11EC5B332008F4324 /* NSString+validation.h */,
				5D2760B21EC5B332008F4324 /* NSString+validation.m */,
				5D2760B41EC5B404008F4324 /* NSArray+validation.h */,
				5D2760B51EC5B404008F4324 /* NSArray+validation.m */,
			);
			path = validation;
			sourceTree = "<group>";
		};
		5D5A22671EC432D10099EA71 = {
			isa = PBXGroup;
			children = (
				5D5A22721EC432D10099EA71 /* Test */,
				5D5A22711EC432D10099EA71 /* Products */,
				6D9459D50BED552044DA38A7 /* Pods */,
				B7B73E0B957371A25D13CB5B /* Frameworks */,
			);
			sourceTree = "<group>";
		};
		5D5A22711EC432D10099EA71 /* Products */ = {
			isa = PBXGroup;
			children = (
				5D5A22701EC432D10099EA71 /* Test.app */,
			);
			name = Products;
			sourceTree = "<group>";
		};
		5D5A22721EC432D10099EA71 /* Test */ = {
			isa = PBXGroup;
			children = (
				5D5A22761EC432D10099EA71 /* AppDelegate.h */,
				5D5A22771EC432D10099EA71 /* AppDelegate.m */,
				5D5A22791EC432D10099EA71 /* ViewController.h */,
				5D5A227A1EC432D10099EA71 /* ViewController.m */,
				5D2760AD1EC59B35008F4324 /* SWLoginViewController.h */,
				5D2760AE1EC59B35008F4324 /* SWLoginViewController.m */,
				5D2760B01EC5B19C008F4324 /* validation */,
				5D2760A91EC59AEC008F4324 /* 页面跳转route */,
				5D2760A31EC5964A008F4324 /* 数据DB */,
				5D27609C1EC5960F008F4324 /* 网络 */,
				5D5A227C1EC432D10099EA71 /* Main.storyboard */,
				5D5A227F1EC432D10099EA71 /* Assets.xcassets */,
				5D5A22811EC432D10099EA71 /* LaunchScreen.storyboard */,
				5D5A22841EC432D10099EA71 /* Info.plist */,
				5D5A22731EC432D10099EA71 /* Supporting Files */,
			);
			path = Test;
			sourceTree = "<group>";
		};
		5D5A22731EC432D10099EA71 /* Supporting Files */ = {
			isa = PBXGroup;
			children = (
				5D5A22741EC432D10099EA71 /* main.m */,
			);
			name = "Supporting Files";
			sourceTree = "<group>";
		};
		6D9459D50BED552044DA38A7 /* Pods */ = {
			isa = PBXGroup;
			children = (
				3BF887FEE920878015F004C6 /* Pods-Test.debug.xcconfig */,
				7738BC25FC910E8A35BCEFA3 /* Pods-Test.release.xcconfig */,
			);
			name = Pods;
			sourceTree = "<group>";
		};
		B7B73E0B957371A25D13CB5B /* Frameworks */ = {
			isa = PBXGroup;
			children = (
				5D2760A41EC59665008F4324 /* libsqlite3.0.tbd */,
				818F4E3F9DC0C417605CE415 /* libPods-Test.a */,
			);
			name = Frameworks;
			sourceTree = "<group>";
		};
/* End PBXGroup section */

/* Begin PBXNativeTarget section */
		5D5A226F1EC432D10099EA71 /* Test */ = {
			isa = PBXNativeTarget;
			buildConfigurationList = 5D5A22871EC432D10099EA71 /* Build configuration list for PBXNativeTarget "Test" */;
			buildPhases = (
				57703A21BD39D0FE6709718B /* [CP] Check Pods Manifest.lock */,
				5D5A226C1EC432D10099EA71 /* Sources */,
				5D5A226D1EC432D10099EA71 /* Frameworks */,
				5D5A226E1EC432D10099EA71 /* Resources */,
				E58BDEEC4CCCBCEDEF783CAC /* [CP] Embed Pods Frameworks */,
				5EADB52769EC417ABEA80393 /* [CP] Copy Pods Resources */,
			);
			buildRules = (
			);
			dependencies = (
			);
			name = Test;
			productName = Test;
			productReference = 5D5A22701EC432D10099EA71 /* Test.app */;
			productType = "com.apple.product-type.application";
		};
/* End PBXNativeTarget section */

/* Begin PBXProject section */
		5D5A22681EC432D10099EA71 /* Project object */ = {
			isa = PBXProject;
			attributes = {
				CLASSPREFIX = SW;
				LastUpgradeCheck = 0830;
				ORGANIZATIONNAME = "邱大侠";
				TargetAttributes = {
					5D5A226F1EC432D10099EA71 = {
						CreatedOnToolsVersion = 8.3.1;
						ProvisioningStyle = Automatic;
					};
				};
			};
			buildConfigurationList = 5D5A226B1EC432D10099EA71 /* Build configuration list for PBXProject "Test" */;
			compatibilityVersion = "Xcode 3.2";
			developmentRegion = English;
			hasScannedForEncodings = 0;
			knownRegions = (
				en,
				Base,
			);
			mainGroup = 5D5A22671EC432D10099EA71;
			productRefGroup = 5D5A22711EC432D10099EA71 /* Products */;
			projectDirPath = "";
			projectRoot = "";
			targets = (
				5D5A226F1EC432D10099EA71 /* Test */,
			);
		};
/* End PBXProject section */

/* Begin PBXResourcesBuildPhase section */
		5D5A226E1EC432D10099EA71 /* Resources */ = {
			isa = PBXResourcesBuildPhase;
			buildActionMask = 2147483647;
			files = (
				5D5A22831EC432D10099EA71 /* LaunchScreen.storyboard in Resources */,
				5D5A22801EC432D10099EA71 /* Assets.xcassets in Resources */,
				5D5A227E1EC432D10099EA71 /* Main.storyboard in Resources */,
			);
			runOnlyForDeploymentPostprocessing = 0;
		};
/* End PBXResourcesBuildPhase section */

/* Begin PBXShellScriptBuildPhase section */
		57703A21BD39D0FE6709718B /* [CP] Check Pods Manifest.lock */ = {
			isa = PBXShellScriptBuildPhase;
			buildActionMask = 2147483647;
			files = (
			);
			inputPaths = (
			);
			name = "[CP] Check Pods Manifest.lock";
			outputPaths = (
			);
			runOnlyForDeploymentPostprocessing = 0;
			shellPath = /bin/sh;
			shellScript = "diff \"${PODS_ROOT}/../Podfile.lock\" \"${PODS_ROOT}/Manifest.lock\" > /dev/null\nif [ $? != 0 ] ; then\n    # print error to STDERR\n    echo \"error: The sandbox is not in sync with the Podfile.lock. Run 'pod install' or update your CocoaPods installation.\" >&2\n    exit 1\nfi\n";
			showEnvVarsInLog = 0;
		};
		5EADB52769EC417ABEA80393 /* [CP] Copy Pods Resources */ = {
			isa = PBXShellScriptBuildPhase;
			buildActionMask = 2147483647;
			files = (
			);
			inputPaths = (
			);
			name = "[CP] Copy Pods Resources";
			outputPaths = (
			);
			runOnlyForDeploymentPostprocessing = 0;
			shellPath = /bin/sh;
			shellScript = "\"${SRCROOT}/Pods/Target Support Files/Pods-Test/Pods-Test-resources.sh\"\n";
			showEnvVarsInLog = 0;
		};
		E58BDEEC4CCCBCEDEF783CAC /* [CP] Embed Pods Frameworks */ = {
			isa = PBXShellScriptBuildPhase;
			buildActionMask = 2147483647;
			files = (
			);
			inputPaths = (
			);
			name = "[CP] Embed Pods Frameworks";
			outputPaths = (
			);
			runOnlyForDeploymentPostprocessing = 0;
			shellPath = /bin/sh;
			shellScript = "\"${SRCROOT}/Pods/Target Support Files/Pods-Test/Pods-Test-frameworks.sh\"\n";
			showEnvVarsInLog = 0;
		};
/* End PBXShellScriptBuildPhase section */

/* Begin PBXSourcesBuildPhase section */
		5D5A226C1EC432D10099EA71 /* Sources */ = {
			isa = PBXSourcesBuildPhase;
			buildActionMask = 2147483647;
			files = (
				5D2760AC1EC59B04008F4324 /* Routable.m in Sources */,
				5D2760B31EC5B332008F4324 /* NSString+validation.m in Sources */,
				5D2760A11EC59628008F4324 /* SWAPIManager.m in Sources */,
				5D2760A81EC597E1008F4324 /* SWKeyValueStore.m in Sources */,
				5D5A227B1EC432D10099EA71 /* ViewController.m in Sources */,
				5D2760AF1EC59B35008F4324 /* SWLoginViewController.m in Sources */,
				5D2760A21EC59628008F4324 /* SWApiProxy.m in Sources */,
				5D5A22781EC432D10099EA71 /* AppDelegate.m in Sources */,
				5D5A22751EC432D10099EA71 /* main.m in Sources */,
				5D2760B61EC5B404008F4324 /* NSArray+validation.m in Sources */,
			);
			runOnlyForDeploymentPostprocessing = 0;
		};
/* End PBXSourcesBuildPhase section */

/* Begin PBXVariantGroup section */
		5D5A227C1EC432D10099EA71 /* Main.storyboard */ = {
			isa = PBXVariantGroup;
			children = (
				5D5A227D1EC432D10099EA71 /* Base */,
			);
			name = Main.storyboard;
			sourceTree = "<group>";
		};
		5D5A22811EC432D10099EA71 /* LaunchScreen.storyboard */ = {
			isa = PBXVariantGroup;
			children = (
				5D5A22821EC432D10099EA71 /* Base */,
			);
			name = LaunchScreen.storyboard;
			sourceTree = "<group>";
		};
/* End PBXVariantGroup section */

/* Begin XCBuildConfiguration section */
		5D5A22851EC432D10099EA71 /* Debug */ = {
			isa = XCBuildConfiguration;
			buildSettings = {
				ALWAYS_SEARCH_USER_PATHS = NO;
				CLANG_ANALYZER_NONNULL = YES;
				CLANG_ANALYZER_NUMBER_OBJECT_CONVERSION = YES_AGGRESSIVE;
				CLANG_CXX_LANGUAGE_STANDARD = "gnu++0x";
				CLANG_CXX_LIBRARY = "libc++";
				CLANG_ENABLE_MODULES = YES;
				CLANG_ENABLE_OBJC_ARC = YES;
				CLANG_WARN_BOOL_CONVERSION = YES;
				CLANG_WARN_CONSTANT_CONVERSION = YES;
				CLANG_WARN_DIRECT_OBJC_ISA_USAGE = YES_ERROR;
				CLANG_WARN_DOCUMENTATION_COMMENTS = YES;
				CLANG_WARN_EMPTY_BODY = YES;
				CLANG_WARN_ENUM_CONVERSION = YES;
				CLANG_WARN_INFINITE_RECURSION = YES;
				CLANG_WARN_INT_CONVERSION = YES;
				CLANG_WARN_OBJC_ROOT_CLASS = YES_ERROR;
				CLANG_WARN_SUSPICIOUS_MOVE = YES;
				CLANG_WARN_UNREACHABLE_CODE = YES;
				CLANG_WARN__DUPLICATE_METHOD_MATCH = YES;
				"CODE_SIGN_IDENTITY[sdk=iphoneos*]" = "iPhone Developer";
				COPY_PHASE_STRIP = NO;
				DEBUG_INFORMATION_FORMAT = dwarf;
				ENABLE_STRICT_OBJC_MSGSEND = YES;
				ENABLE_TESTABILITY = YES;
				GCC_C_LANGUAGE_STANDARD = gnu99;
				GCC_DYNAMIC_NO_PIC = NO;
				GCC_NO_COMMON_BLOCKS = YES;
				GCC_OPTIMIZATION_LEVEL = 0;
				GCC_PREPROCESSOR_DEFINITIONS = (
					"DEBUG=1",
					"$(inherited)",
				);
				GCC_WARN_64_TO_32_BIT_CONVERSION = YES;
				GCC_WARN_ABOUT_RETURN_TYPE = YES_ERROR;
				GCC_WARN_UNDECLARED_SELECTOR = YES;
				GCC_WARN_UNINITIALIZED_AUTOS = YES_AGGRESSIVE;
				GCC_WARN_UNUSED_FUNCTION = YES;
				GCC_WARN_UNUSED_VARIABLE = YES;
				IPHONEOS_DEPLOYMENT_TARGET = 10.3;
				MTL_ENABLE_DEBUG_INFO = YES;
				ONLY_ACTIVE_ARCH = YES;
				SDKROOT = iphoneos;
			};
			name = Debug;
		};
		5D5A22861EC432D10099EA71 /* Release */ = {
			isa = XCBuildConfiguration;
			buildSettings = {
				ALWAYS_SEARCH_USER_PATHS = NO;
				CLANG_ANALYZER_NONNULL = YES;
				CLANG_ANALYZER_NUMBER_OBJECT_CONVERSION = YES_AGGRESSIVE;
				CLANG_CXX_LANGUAGE_STANDARD = "gnu++0x";
				CLANG_CXX_LIBRARY = "libc++";
				CLANG_ENABLE_MODULES = YES;
				CLANG_ENABLE_OBJC_ARC = YES;
				CLANG_WARN_BOOL_CONVERSION = YES;
				CLANG_WARN_CONSTANT_CONVERSION = YES;
				CLANG_WARN_DIRECT_OBJC_ISA_USAGE = YES_ERROR;
				CLANG_WARN_DOCUMENTATION_COMMENTS = YES;
				CLANG_WARN_EMPTY_BODY = YES;
				CLANG_WARN_ENUM_CONVERSION = YES;
				CLANG_WARN_INFINITE_RECURSION = YES;
				CLANG_WARN_INT_CONVERSION = YES;
				CLANG_WARN_OBJC_ROOT_CLASS = YES_ERROR;
				CLANG_WARN_SUSPICIOUS_MOVE = YES;
				CLANG_WARN_UNREACHABLE_CODE = YES;
				CLANG_WARN__DUPLICATE_METHOD_MATCH = YES;
				"CODE_SIGN_IDENTITY[sdk=iphoneos*]" = "iPhone Developer";
				COPY_PHASE_STRIP = NO;
				DEBUG_INFORMATION_FORMAT = "dwarf-with-dsym";
				ENABLE_NS_ASSERTIONS = NO;
				ENABLE_STRICT_OBJC_MSGSEND = YES;
				GCC_C_LANGUAGE_STANDARD = gnu99;
				GCC_NO_COMMON_BLOCKS = YES;
				GCC_WARN_64_TO_32_BIT_CONVERSION = YES;
				GCC_WARN_ABOUT_RETURN_TYPE = YES_ERROR;
				GCC_WARN_UNDECLARED_SELECTOR = YES;
				GCC_WARN_UNINITIALIZED_AUTOS = YES_AGGRESSIVE;
				GCC_WARN_UNUSED_FUNCTION = YES;
				GCC_WARN_UNUSED_VARIABLE = YES;
				IPHONEOS_DEPLOYMENT_TARGET = 10.3;
				MTL_ENABLE_DEBUG_INFO = NO;
				SDKROOT = iphoneos;
				VALIDATE_PRODUCT = YES;
			};
			name = Release;
		};
		5D5A22881EC432D10099EA71 /* Debug */ = {
			isa = XCBuildConfiguration;
			baseConfigurationReference = 3BF887FEE920878015F004C6 /* Pods-Test.debug.xcconfig */;
			buildSettings = {
				ASSETCATALOG_COMPILER_APPICON_NAME = AppIcon;
				INFOPLIST_FILE = Test/Info.plist;
				LD_RUNPATH_SEARCH_PATHS = "$(inherited) @executable_path/Frameworks";
				PRODUCT_BUNDLE_IDENTIFIER = com.chengpeng.Test;
				PRODUCT_NAME = "$(TARGET_NAME)";
			};
			name = Debug;
		};
		5D5A22891EC432D10099EA71 /* Release */ = {
			isa = XCBuildConfiguration;
			baseConfigurationReference = 7738BC25FC910E8A35BCEFA3 /* Pods-Test.release.xcconfig */;
			buildSettings = {
				ASSETCATALOG_COMPILER_APPICON_NAME = AppIcon;
				INFOPLIST_FILE = Test/Info.plist;
				LD_RUNPATH_SEARCH_PATHS = "$(inherited) @executable_path/Frameworks";
				PRODUCT_BUNDLE_IDENTIFIER = com.chengpeng.Test;
				PRODUCT_NAME = "$(TARGET_NAME)";
			};
			name = Release;
		};
/* End XCBuildConfiguration section */

/* Begin XCConfigurationList section */
		5D5A226B1EC432D10099EA71 /* Build configuration list for PBXProject "Test" */ = {
			isa = XCConfigurationList;
			buildConfigurations = (
				5D5A22851EC432D10099EA71 /* Debug */,
				5D5A22861EC432D10099EA71 /* Release */,
			);
			defaultConfigurationIsVisible = 0;
			defaultConfigurationName = Release;
		};
		5D5A22871EC432D10099EA71 /* Build configuration list for PBXNativeTarget "Test" */ = {
			isa = XCConfigurationList;
			buildConfigurations = (
				5D5A22881EC432D10099EA71 /* Debug */,
				5D5A22891EC432D10099EA71 /* Release */,
			);
			defaultConfigurationIsVisible = 0;
			defaultConfigurationName = Release;
		};
/* End XCConfigurationList section */
	};
	rootObject = 5D5A22681EC432D10099EA71 /* Project object */;
}
